
Microsoft Visual Studio Solution File, Format Version 12.00
# Visual Studio Version 16
VisualStudioVersion = 16.0.30611.23
MinimumVisualStudioVersion = 10.0.40219.1
Project("{9A19103F-16F7-4668-BE54-9A1E7A4F7556}") = "Rocky", "Rocky\Rocky.csproj", "{EC3EBF80-E777-4E90-A9C0-F36FFC579887}"
EndProject
Project("{9A19103F-16F7-4668-BE54-9A1E7A4F7556}") = "Rocky_Utility", "Rocky_Utility\Rocky_Utility.csproj", "{46C00ADC-E03E-4568-9FE9-588567BC849A}"
EndProject
Project("{FAE04EC0-301F-11D3-BF4B-00C04F79EFBC}") = "Rocky_Models", "Rocky_Models\Rocky_Models.csproj", "{75C3E9FD-F8D5-4D8A-B3F9-2B702132017E}"
EndProject
Project("{FAE04EC0-301F-11D3-BF4B-00C04F79EFBC}") = "Rocky_DataAccess", "Rocky_DataAccess\Rocky_DataAccess.csproj", "{7F7431CC-BA8E-4D8D-8F51-C9092227915F}"
EndProject
Global
	GlobalSection(SolutionConfigurationPlatforms) = preSolution
		Debug|Any CPU = Debug|Any CPU
		Release|Any CPU = Release|Any CPU
	EndGlobalSection
	GlobalSection(ProjectConfigurationPlatforms) = postSolution
		{EC3EBF80-E777-4E90-A9C0-F36FFC579887}.Debug|Any CPU.ActiveCfg = Debug|Any CPU
		{EC3EBF80-E777-4E90-A9C0-F36FFC579887}.Debug|Any CPU.Build.0 = Debug|Any CPU
		{EC3EBF80-E777-4E90-A9C0-F36FFC579887}.Release|Any CPU.ActiveCfg = Release|Any CPU
		{EC3EBF80-E777-4E90-A9C0-F36FFC579887}.Release|Any CPU.Build.0 = Release|Any CPU
		{46C00ADC-E03E-4568-9FE9-588567BC849A}.Debug|Any CPU.ActiveCfg = Debug|Any CPU
		{46C00ADC-E03E-4568-9FE9-588567BC849A}.Debug|Any CPU.Build.0 = Debug|Any CPU
		{46C00ADC-E03E-4568-9FE9-588567BC849A}.Release|Any CPU.ActiveCfg = Release|Any CPU
		{46C00ADC-E03E-4568-9FE9-588567BC849A}.Release|Any CPU.Build.0 = Release|Any CPU
		{75C3E9FD-F8D5-4D8A-B3F9-2B702132017E}.Debug|Any CPU.ActiveCfg = Debug|Any CPU
		{75C3E9FD-F8D5-4D8A-B3F9-2B702132017E}.Debug|Any CPU.Build.0 = Debug|Any CPU
		{75C3E9FD-F8D5-4D8A-B3F9-2B702132017E}.Release|Any CPU.ActiveCfg = Release|Any CPU
		{75C3E9FD-F8D5-4D8A-B3F9-2B702132017E}.Release|Any CPU.Build.0 = Release|Any CPU
		{7F7431CC-BA8E-4D8D-8F51-C9092227915F}.Debug|Any CPU.ActiveCfg = Debug|Any CPU
		{7F7431CC-BA8E-4D8D-8F51-C9092227915F}.Debug|Any CPU.Build.0 = Debug|Any CPU
		{7F7431CC-BA8E-4D8D-8F51-C9092227915F}.Release|Any CPU.ActiveCfg = Release|Any CPU
		{7F7431CC-BA8E-4D8D-8F51-C9092227915F}.Release|Any CPU.Build.0 = Release|Any CPU
	EndGlobalSection
	GlobalSection(SolutionProperties) = preSolution
		HideSolutionNode = FALSE
	EndGlobalSection
	GlobalSection(ExtensibilityGlobals) = postSolution
		SolutionGuid = {F4DF567F-1075-4BA4-AFB1-1537D4E37F2F}
	EndGlobalSection
EndGlobal
